// !$*UTF8*$!
{
	archiveVersion = 1;
	classes = {
	};
	objectVersion = 46;
	objects = {

/* Begin PBXBuildFile section */
		8F5320DA1EC6074B00CBF049 /* AppDelegate.swift in Sources */ = {isa = PBXBuildFile; fileRef = 8F5320D91EC6074B00CBF049 /* AppDelegate.swift */; };
		8F5320DC1EC6074B00CBF049 /* MasterViewController.swift in Sources */ = {isa = PBXBuildFile; fileRef = 8F5320DB1EC6074B00CBF049 /* MasterViewController.swift */; };
		8F5320DE1EC6074B00CBF049 /* PostViewController.swift in Sources */ = {isa = PBXBuildFile; fileRef = 8F5320DD1EC6074B00CBF049 /* PostViewController.swift */; };
		8F5320E11EC6074B00CBF049 /* Main.storyboard in Resources */ = {isa = PBXBuildFile; fileRef = 8F5320DF1EC6074B00CBF049 /* Main.storyboard */; };
		8F5320E31EC6074B00CBF049 /* Assets.xcassets in Resources */ = {isa = PBXBuildFile; fileRef = 8F5320E21EC6074B00CBF049 /* Assets.xcassets */; };
		8F5320E61EC6074B00CBF049 /* LaunchScreen.storyboard in Resources */ = {isa = PBXBuildFile; fileRef = 8F5320E41EC6074B00CBF049 /* LaunchScreen.storyboard */; };
		8F5321261EC6127E00CBF049 /* WordPress.framework in Frameworks */ = {isa = PBXBuildFile; fileRef = 8F5321251EC6127E00CBF049 /* WordPress.framework */; };
		8F5321271EC6127E00CBF049 /* WordPress.framework in Embed Frameworks */ = {isa = PBXBuildFile; fileRef = 8F5321251EC6127E00CBF049 /* WordPress.framework */; settings = {ATTRIBUTES = (CodeSignOnCopy, RemoveHeadersOnCopy, ); }; };
		8F76F6931ED42F9B00BC38C4 /* String+Convenience.swift in Sources */ = {isa = PBXBuildFile; fileRef = 8F76F6921ED42F9B00BC38C4 /* String+Convenience.swift */; };
/* End PBXBuildFile section */

/* Begin PBXCopyFilesBuildPhase section */
		8F5321241EC6122700CBF049 /* Embed Frameworks */ = {
			isa = PBXCopyFilesBuildPhase;
			buildActionMask = 2147483647;
			dstPath = "";
			dstSubfolderSpec = 10;
			files = (
				8F5321271EC6127E00CBF049 /* WordPress.framework in Embed Frameworks */,
			);
			name = "Embed Frameworks";
			runOnlyForDeploymentPostprocessing = 0;
		};
/* End PBXCopyFilesBuildPhase section */

/* Begin PBXFileReference section */
		8F5320D61EC6074B00CBF049 /* WP.app */ = {isa = PBXFileReference; explicitFileType = wrapper.application; includeInIndex = 0; path = WP.app; sourceTree = BUILT_PRODUCTS_DIR; };
		8F5320D91EC6074B00CBF049 /* AppDelegate.swift */ = {isa = PBXFileReference; lastKnownFileType = sourcecode.swift; path = AppDelegate.swift; sourceTree = "<group>"; };
		8F5320DB1EC6074B00CBF049 /* MasterViewController.swift */ = {isa = PBXFileReference; lastKnownFileType = sourcecode.swift; path = MasterViewController.swift; sourceTree = "<group>"; };
		8F5320DD1EC6074B00CBF049 /* PostViewController.swift */ = {isa = PBXFileReference; lastKnownFileType = sourcecode.swift; path = PostViewController.swift; sourceTree = "<group>"; };
		8F5320E01EC6074B00CBF049 /* Base */ = {isa = PBXFileReference; lastKnownFileType = file.storyboard; name = Base; path = Base.lproj/Main.storyboard; sourceTree = "<group>"; };
		8F5320E21EC6074B00CBF049 /* Assets.xcassets */ = {isa = PBXFileReference; lastKnownFileType = folder.assetcatalog; path = Assets.xcassets; sourceTree = "<group>"; };
		8F5320E51EC6074B00CBF049 /* Base */ = {isa = PBXFileReference; lastKnownFileType = file.storyboard; name = Base; path = Base.lproj/LaunchScreen.storyboard; sourceTree = "<group>"; };
		8F5320E71EC6074B00CBF049 /* Info.plist */ = {isa = PBXFileReference; lastKnownFileType = text.plist.xml; path = Info.plist; sourceTree = "<group>"; };
		8F5321251EC6127E00CBF049 /* WordPress.framework */ = {isa = PBXFileReference; explicitFileType = wrapper.framework; path = WordPress.framework; sourceTree = BUILT_PRODUCTS_DIR; };
		8F76F6921ED42F9B00BC38C4 /* String+Convenience.swift */ = {isa = PBXFileReference; fileEncoding = 4; lastKnownFileType = sourcecode.swift; path = "String+Convenience.swift"; sourceTree = "<group>"; };
/* End PBXFileReference section */

/* Begin PBXFrameworksBuildPhase section */
		8F5320D31EC6074B00CBF049 /* Frameworks */ = {
			isa = PBXFrameworksBuildPhase;
			buildActionMask = 2147483647;
			files = (
				8F5321261EC6127E00CBF049 /* WordPress.framework in Frameworks */,
			);
			runOnlyForDeploymentPostprocessing = 0;
		};
/* End PBXFrameworksBuildPhase section */

/* Begin PBXGroup section */
		8F5320CD1EC6074B00CBF049 = {
			isa = PBXGroup;
			children = (
				8F5320D81EC6074B00CBF049 /* WP */,
				8F5320D71EC6074B00CBF049 /* Products */,
				8F5321181EC60E9B00CBF049 /* Frameworks */,
			);
			sourceTree = "<group>";
		};
		8F5320D71EC6074B00CBF049 /* Products */ = {
			isa = PBXGroup;
			children = (
				8F5320D61EC6074B00CBF049 /* WP.app */,
			);
			name = Products;
			sourceTree = "<group>";
		};
		8F5320D81EC6074B00CBF049 /* WP */ = {
			isa = PBXGroup;
			children = (
				8F5320D91EC6074B00CBF049 /* AppDelegate.swift */,
				8F5320DB1EC6074B00CBF049 /* MasterViewController.swift */,
				8F5320DD1EC6074B00CBF049 /* PostViewController.swift */,
				8F76F6921ED42F9B00BC38C4 /* String+Convenience.swift */,
				8F5320DF1EC6074B00CBF049 /* Main.storyboard */,
				8F5320ED1EC60AD300CBF049 /* Supporting files */,
			);
			path = WP;
			sourceTree = "<group>";
		};
		8F5320ED1EC60AD300CBF049 /* Supporting files */ = {
			isa = PBXGroup;
			children = (
				8F5320E21EC6074B00CBF049 /* Assets.xcassets */,
				8F5320E41EC6074B00CBF049 /* LaunchScreen.storyboard */,
				8F5320E71EC6074B00CBF049 /* Info.plist */,
			);
			name = "Supporting files";
			sourceTree = "<group>";
		};
		8F5321181EC60E9B00CBF049 /* Frameworks */ = {
			isa = PBXGroup;
			children = (
				8F5321251EC6127E00CBF049 /* WordPress.framework */,
			);
			name = Frameworks;
			sourceTree = "<group>";
		};
/* End PBXGroup section */

/* Begin PBXNativeTarget section */
		8F5320D51EC6074B00CBF049 /* WP */ = {
			isa = PBXNativeTarget;
			buildConfigurationList = 8F5320EA1EC6074B00CBF049 /* Build configuration list for PBXNativeTarget "WP" */;
			buildPhases = (
				8F5320D21EC6074B00CBF049 /* Sources */,
				8F5320D31EC6074B00CBF049 /* Frameworks */,
				8F5320D41EC6074B00CBF049 /* Resources */,
				8F5321241EC6122700CBF049 /* Embed Frameworks */,
			);
			buildRules = (
			);
			dependencies = (
			);
			name = WP;
			productName = WP;
			productReference = 8F5320D61EC6074B00CBF049 /* WP.app */;
			productType = "com.apple.product-type.application";
		};
/* End PBXNativeTarget section */

/* Begin PBXProject section */
		8F5320CE1EC6074B00CBF049 /* Project object */ = {
			isa = PBXProject;
			attributes = {
				LastSwiftUpdateCheck = 0830;
				LastUpgradeCheck = 0830;
				ORGANIZATIONNAME = alpeslog;
				TargetAttributes = {
					8F5320D51EC6074B00CBF049 = {
						CreatedOnToolsVersion = 8.3.2;
						DevelopmentTeam = 977VW2JR38;
						ProvisioningStyle = Automatic;
					};
				};
			};
			buildConfigurationList = 8F5320D11EC6074B00CBF049 /* Build configuration list for PBXProject "WP" */;
			compatibilityVersion = "Xcode 3.2";
			developmentRegion = English;
			hasScannedForEncodings = 0;
			knownRegions = (
				en,
				Base,
			);
			mainGroup = 8F5320CD1EC6074B00CBF049;
			productRefGroup = 8F5320D71EC6074B00CBF049 /* Products */;
			projectDirPath = "";
			projectRoot = "";
			targets = (
				8F5320D51EC6074B00CBF049 /* WP */,
			);
		};
/* End PBXProject section */

/* Begin PBXResourcesBuildPhase section */
		8F5320D41EC6074B00CBF049 /* Resources */ = {
			isa = PBXResourcesBuildPhase;
			buildActionMask = 2147483647;
			files = (
				8F5320E61EC6074B00CBF049 /* LaunchScreen.storyboard in Resources */,
				8F5320E31EC6074B00CBF049 /* Assets.xcassets in Resources */,
				8F5320E11EC6074B00CBF049 /* Main.storyboard in Resources */,
			);
			runOnlyForDeploymentPostprocessing = 0;
		};
/* End PBXResourcesBuildPhase section */

/* Begin PBXSourcesBuildPhase section */
		8F5320D21EC6074B00CBF049 /* Sources */ = {
			isa = PBXSourcesBuildPhase;
			buildActionMask = 2147483647;
			files = (
				8F5320DE1EC6074B00CBF049 /* PostViewController.swift in Sources */,
				8F5320DC1EC6074B00CBF049 /* MasterViewController.swift in Sources */,
				8F76F6931ED42F9B00BC38C4 /* String+Convenience.swift in Sources */,
				8F5320DA1EC6074B00CBF049 /* AppDelegate.swift in Sources */,
			);
			runOnlyForDeploymentPostprocessing = 0;
		};
/* End PBXSourcesBuildPhase section */

/* Begin PBXVariantGroup section */
		8F5320DF1EC6074B00CBF049 /* Main.storyboard */ = {
			isa = PBXVariantGroup;
			children = (
				8F5320E01EC6074B00CBF049 /* Base */,
			);
			name = Main.storyboard;
			sourceTree = "<group>";
		};
		8F5320E41EC6074B00CBF049 /* LaunchScreen.storyboard */ = {
			isa = PBXVariantGroup;
			children = (
				8F5320E51EC6074B00CBF049 /* Base */,
			);
			name = LaunchScreen.storyboard;
			sourceTree = "<group>";
		};
/* End PBXVariantGroup section */

/* Begin XCBuildConfiguration section */
		8F5320E81EC6074B00CBF049 /* Debug */ = {
			isa = XCBuildConfiguration;
			buildSettings = {
				ALWAYS_SEARCH_USER_PATHS = NO;
				CLANG_ANALYZER_NONNULL = YES;
				CLANG_ANALYZER_NUMBER_OBJECT_CONVERSION = YES_AGGRESSIVE;
				CLANG_CXX_LANGUAGE_STANDARD = "gnu++0x";
				CLANG_CXX_LIBRARY = "libc++";
				CLANG_ENABLE_MODULES = YES;
				CLANG_ENABLE_OBJC_ARC = YES;
				CLANG_WARN_BOOL_CONVERSION = YES;
				CLANG_WARN_CONSTANT_CONVERSION = YES;
				CLANG_WARN_DIRECT_OBJC_ISA_USAGE = YES_ERROR;
				CLANG_WARN_DOCUMENTATION_COMMENTS = YES;
				CLANG_WARN_EMPTY_BODY = YES;
				CLANG_WARN_ENUM_CONVERSION = YES;
				CLANG_WARN_INFINITE_RECURSION = YES;
				CLANG_WARN_INT_CONVERSION = YES;
				CLANG_WARN_OBJC_ROOT_CLASS = YES_ERROR;
				CLANG_WARN_SUSPICIOUS_MOVE = YES;
				CLANG_WARN_UNREACHABLE_CODE = YES;
				CLANG_WARN__DUPLICATE_METHOD_MATCH = YES;
				"CODE_SIGN_IDENTITY[sdk=iphoneos*]" = "iPhone Developer";
				COPY_PHASE_STRIP = NO;
				DEBUG_INFORMATION_FORMAT = dwarf;
				ENABLE_STRICT_OBJC_MSGSEND = YES;
				ENABLE_TESTABILITY = YES;
				GCC_C_LANGUAGE_STANDARD = gnu99;
				GCC_DYNAMIC_NO_PIC = NO;
				GCC_NO_COMMON_BLOCKS = YES;
				GCC_OPTIMIZATION_LEVEL = 0;
				GCC_PREPROCESSOR_DEFINITIONS = (
					"DEBUG=1",
					"$(inherited)",
				);
				GCC_WARN_64_TO_32_BIT_CONVERSION = YES;
				GCC_WARN_ABOUT_RETURN_TYPE = YES_ERROR;
				GCC_WARN_UNDECLARED_SELECTOR = YES;
				GCC_WARN_UNINITIALIZED_AUTOS = YES_AGGRESSIVE;
				GCC_WARN_UNUSED_FUNCTION = YES;
				GCC_WARN_UNUSED_VARIABLE = YES;
				IPHONEOS_DEPLOYMENT_TARGET = 10.3;
				MTL_ENABLE_DEBUG_INFO = YES;
				ONLY_ACTIVE_ARCH = YES;
				SDKROOT = iphoneos;
				SWIFT_ACTIVE_COMPILATION_CONDITIONS = DEBUG;
				SWIFT_OPTIMIZATION_LEVEL = "-Onone";
				TARGETED_DEVICE_FAMILY = "1,2";
			};
			name = Debug;
		};
		8F5320E91EC6074B00CBF049 /* Release */ = {
			isa = XCBuildConfiguration;
			buildSettings = {
				ALWAYS_SEARCH_USER_PATHS = NO;
				CLANG_ANALYZER_NONNULL = YES;
				CLANG_ANALYZER_NUMBER_OBJECT_CONVERSION = YES_AGGRESSIVE;
				CLANG_CXX_LANGUAGE_STANDARD = "gnu++0x";
				CLANG_CXX_LIBRARY = "libc++";
				CLANG_ENABLE_MODULES = YES;
				CLANG_ENABLE_OBJC_ARC = YES;
				CLANG_WARN_BOOL_CONVERSION = YES;
				CLANG_WARN_CONSTANT_CONVERSION = YES;
				CLANG_WARN_DIRECT_OBJC_ISA_USAGE = YES_ERROR;
				CLANG_WARN_DOCUMENTATION_COMMENTS = YES;
				CLANG_WARN_EMPTY_BODY = YES;
				CLANG_WARN_ENUM_CONVERSION = YES;
				CLANG_WARN_INFINITE_RECURSION = YES;
				CLANG_WARN_INT_CONVERSION = YES;
				CLANG_WARN_OBJC_ROOT_CLASS = YES_ERROR;
				CLANG_WARN_SUSPICIOUS_MOVE = YES;
				CLANG_WARN_UNREACHABLE_CODE = YES;
				CLANG_WARN__DUPLICATE_METHOD_MATCH = YES;
				"CODE_SIGN_IDENTITY[sdk=iphoneos*]" = "iPhone Developer";
				COPY_PHASE_STRIP = NO;
				DEBUG_INFORMATION_FORMAT = "dwarf-with-dsym";
				ENABLE_NS_ASSERTIONS = NO;
				ENABLE_STRICT_OBJC_MSGSEND = YES;
				GCC_C_LANGUAGE_STANDARD = gnu99;
				GCC_NO_COMMON_BLOCKS = YES;
				GCC_WARN_64_TO_32_BIT_CONVERSION = YES;
				GCC_WARN_ABOUT_RETURN_TYPE = YES_ERROR;
				GCC_WARN_UNDECLARED_SELECTOR = YES;
				GCC_WARN_UNINITIALIZED_AUTOS = YES_AGGRESSIVE;
				GCC_WARN_UNUSED_FUNCTION = YES;
				GCC_WARN_UNUSED_VARIABLE = YES;
				IPHONEOS_DEPLOYMENT_TARGET = 10.3;
				MTL_ENABLE_DEBUG_INFO = NO;
				SDKROOT = iphoneos;
				SWIFT_OPTIMIZATION_LEVEL = "-Owholemodule";
				TARGETED_DEVICE_FAMILY = "1,2";
				VALIDATE_PRODUCT = YES;
			};
			name = Release;
		};
		8F5320EB1EC6074B00CBF049 /* Debug */ = {
			isa = XCBuildConfiguration;
			buildSettings = {
				ASSETCATALOG_COMPILER_APPICON_NAME = AppIcon;
				DEVELOPMENT_TEAM = 977VW2JR38;
				INFOPLIST_FILE = WP/Info.plist;
				LD_RUNPATH_SEARCH_PATHS = "$(inherited) @executable_path/Frameworks";
				PRODUCT_BUNDLE_IDENTIFIER = com.alpeslog.WP;
				PRODUCT_NAME = "$(TARGET_NAME)";
				SWIFT_VERSION = 3.0;
			};
			name = Debug;
		};
		8F5320EC1EC6074B00CBF049 /* Release */ = {
			isa = XCBuildConfiguration;
			buildSettings = {
				ASSETCATALOG_COMPILER_APPICON_NAME = AppIcon;
				DEVELOPMENT_TEAM = 977VW2JR38;
				INFOPLIST_FILE = WP/Info.plist;
				LD_RUNPATH_SEARCH_PATHS = "$(inherited) @executable_path/Frameworks";
				PRODUCT_BUNDLE_IDENTIFIER = com.alpeslog.WP;
				PRODUCT_NAME = "$(TARGET_NAME)";
				SWIFT_VERSION = 3.0;
			};
			name = Release;
		};
/* End XCBuildConfiguration section */

/* Begin XCConfigurationList section */
		8F5320D11EC6074B00CBF049 /* Build configuration list for PBXProject "WP" */ = {
			isa = XCConfigurationList;
			buildConfigurations = (
				8F5320E81EC6074B00CBF049 /* Debug */,
				8F5320E91EC6074B00CBF049 /* Release */,
			);
			defaultConfigurationIsVisible = 0;
			defaultConfigurationName = Release;
		};
		8F5320EA1EC6074B00CBF049 /* Build configuration list for PBXNativeTarget "WP" */ = {
			isa = XCConfigurationList;
			buildConfigurations = (
				8F5320EB1EC6074B00CBF049 /* Debug */,
				8F5320EC1EC6074B00CBF049 /* Release */,
			);
			defaultConfigurationIsVisible = 0;
			defaultConfigurationName = Release;
		};
/* End XCConfigurationList section */
	};
	rootObject = 8F5320CE1EC6074B00CBF049 /* Project object */;
}
